// !$*UTF8*$!
{
	archiveVersion = 1;
	classes = {
	};
	objectVersion = 50;
	objects = {

/* Begin PBXBuildFile section */
		7BBB1C3525B74CC500AC9475 /* AppDelegate.swift in Sources */ = {isa = PBXBuildFile; fileRef = 7BBB1C3425B74CC500AC9475 /* AppDelegate.swift */; };
		7BBB1C3725B74CC500AC9475 /* SceneDelegate.swift in Sources */ = {isa = PBXBuildFile; fileRef = 7BBB1C3625B74CC500AC9475 /* SceneDelegate.swift */; };
		7BBB1C3925B74CC500AC9475 /* ViewController.swift in Sources */ = {isa = PBXBuildFile; fileRef = 7BBB1C3825B74CC500AC9475 /* ViewController.swift */; };
		7BBB1C3C25B74CC500AC9475 /* Main.storyboard in Resources */ = {isa = PBXBuildFile; fileRef = 7BBB1C3A25B74CC500AC9475 /* Main.storyboard */; };
		7BBB1C3E25B74CC700AC9475 /* Assets.xcassets in Resources */ = {isa = PBXBuildFile; fileRef = 7BBB1C3D25B74CC700AC9475 /* Assets.xcassets */; };
		7BBB1C4125B74CC700AC9475 /* LaunchScreen.storyboard in Resources */ = {isa = PBXBuildFile; fileRef = 7BBB1C3F25B74CC700AC9475 /* LaunchScreen.storyboard */; };
		7BBB1C4C25B74CC700AC9475 /* ARNavTests.swift in Sources */ = {isa = PBXBuildFile; fileRef = 7BBB1C4B25B74CC700AC9475 /* ARNavTests.swift */; };
		7BBB1C5725B74CC700AC9475 /* ARNavUITests.swift in Sources */ = {isa = PBXBuildFile; fileRef = 7BBB1C5625B74CC700AC9475 /* ARNavUITests.swift */; };
/* End PBXBuildFile section */

/* Begin PBXContainerItemProxy section */
		7BBB1C4825B74CC700AC9475 /* PBXContainerItemProxy */ = {
			isa = PBXContainerItemProxy;
			containerPortal = 7BBB1C2925B74CC400AC9475 /* Project object */;
			proxyType = 1;
			remoteGlobalIDString = 7BBB1C3025B74CC400AC9475;
			remoteInfo = ARNav;
		};
		7BBB1C5325B74CC700AC9475 /* PBXContainerItemProxy */ = {
			isa = PBXContainerItemProxy;
			containerPortal = 7BBB1C2925B74CC400AC9475 /* Project object */;
			proxyType = 1;
			remoteGlobalIDString = 7BBB1C3025B74CC400AC9475;
			remoteInfo = ARNav;
		};
/* End PBXContainerItemProxy section */

/* Begin PBXFileReference section */
		7BBB1C3125B74CC500AC9475 /* ARNav.app */ = {isa = PBXFileReference; explicitFileType = wrapper.application; includeInIndex = 0; path = ARNav.app; sourceTree = BUILT_PRODUCTS_DIR; };
		7BBB1C3425B74CC500AC9475 /* AppDelegate.swift */ = {isa = PBXFileReference; lastKnownFileType = sourcecode.swift; path = AppDelegate.swift; sourceTree = "<group>"; };
		7BBB1C3625B74CC500AC9475 /* SceneDelegate.swift */ = {isa = PBXFileReference; lastKnownFileType = sourcecode.swift; path = SceneDelegate.swift; sourceTree = "<group>"; };
		7BBB1C3825B74CC500AC9475 /* ViewController.swift */ = {isa = PBXFileReference; lastKnownFileType = sourcecode.swift; path = ViewController.swift; sourceTree = "<group>"; };
		7BBB1C3B25B74CC500AC9475 /* Base */ = {isa = PBXFileReference; lastKnownFileType = file.storyboard; name = Base; path = Base.lproj/Main.storyboard; sourceTree = "<group>"; };
		7BBB1C3D25B74CC700AC9475 /* Assets.xcassets */ = {isa = PBXFileReference; lastKnownFileType = folder.assetcatalog; path = Assets.xcassets; sourceTree = "<group>"; };
		7BBB1C4025B74CC700AC9475 /* Base */ = {isa = PBXFileReference; lastKnownFileType = file.storyboard; name = Base; path = Base.lproj/LaunchScreen.storyboard; sourceTree = "<group>"; };
		7BBB1C4225B74CC700AC9475 /* Info.plist */ = {isa = PBXFileReference; lastKnownFileType = text.plist.xml; path = Info.plist; sourceTree = "<group>"; };
		7BBB1C4725B74CC700AC9475 /* ARNavTests.xctest */ = {isa = PBXFileReference; explicitFileType = wrapper.cfbundle; includeInIndex = 0; path = ARNavTests.xctest; sourceTree = BUILT_PRODUCTS_DIR; };
		7BBB1C4B25B74CC700AC9475 /* ARNavTests.swift */ = {isa = PBXFileReference; lastKnownFileType = sourcecode.swift; path = ARNavTests.swift; sourceTree = "<group>"; };
		7BBB1C4D25B74CC700AC9475 /* Info.plist */ = {isa = PBXFileReference; lastKnownFileType = text.plist.xml; path = Info.plist; sourceTree = "<group>"; };
		7BBB1C5225B74CC700AC9475 /* ARNavUITests.xctest */ = {isa = PBXFileReference; explicitFileType = wrapper.cfbundle; includeInIndex = 0; path = ARNavUITests.xctest; sourceTree = BUILT_PRODUCTS_DIR; };
		7BBB1C5625B74CC700AC9475 /* ARNavUITests.swift */ = {isa = PBXFileReference; lastKnownFileType = sourcecode.swift; path = ARNavUITests.swift; sourceTree = "<group>"; };
		7BBB1C5825B74CC700AC9475 /* Info.plist */ = {isa = PBXFileReference; lastKnownFileType = text.plist.xml; path = Info.plist; sourceTree = "<group>"; };
/* End PBXFileReference section */

/* Begin PBXFrameworksBuildPhase section */
		7BBB1C2E25B74CC400AC9475 /* Frameworks */ = {
			isa = PBXFrameworksBuildPhase;
			buildActionMask = 2147483647;
			files = (
			);
			runOnlyForDeploymentPostprocessing = 0;
		};
		7BBB1C4425B74CC700AC9475 /* Frameworks */ = {
			isa = PBXFrameworksBuildPhase;
			buildActionMask = 2147483647;
			files = (
			);
			runOnlyForDeploymentPostprocessing = 0;
		};
		7BBB1C4F25B74CC700AC9475 /* Frameworks */ = {
			isa = PBXFrameworksBuildPhase;
			buildActionMask = 2147483647;
			files = (
			);
			runOnlyForDeploymentPostprocessing = 0;
		};
/* End PBXFrameworksBuildPhase section */

/* Begin PBXGroup section */
		7BBB1C2825B74CC400AC9475 = {
			isa = PBXGroup;
			children = (
				7BBB1C3325B74CC500AC9475 /* ARNav */,
				7BBB1C4A25B74CC700AC9475 /* ARNavTests */,
				7BBB1C5525B74CC700AC9475 /* ARNavUITests */,
				7BBB1C3225B74CC500AC9475 /* Products */,
			);
			sourceTree = "<group>";
		};
		7BBB1C3225B74CC500AC9475 /* Products */ = {
			isa = PBXGroup;
			children = (
				7BBB1C3125B74CC500AC9475 /* ARNav.app */,
				7BBB1C4725B74CC700AC9475 /* ARNavTests.xctest */,
				7BBB1C5225B74CC700AC9475 /* ARNavUITests.xctest */,
			);
			name = Products;
			sourceTree = "<group>";
		};
		7BBB1C3325B74CC500AC9475 /* ARNav */ = {
			isa = PBXGroup;
			children = (
				7BBB1C3425B74CC500AC9475 /* AppDelegate.swift */,
				7BBB1C3625B74CC500AC9475 /* SceneDelegate.swift */,
				7BBB1C3825B74CC500AC9475 /* ViewController.swift */,
				7BBB1C3A25B74CC500AC9475 /* Main.storyboard */,
				7BBB1C3D25B74CC700AC9475 /* Assets.xcassets */,
				7BBB1C3F25B74CC700AC9475 /* LaunchScreen.storyboard */,
				7BBB1C4225B74CC700AC9475 /* Info.plist */,
			);
			path = ARNav;
			sourceTree = "<group>";
		};
		7BBB1C4A25B74CC700AC9475 /* ARNavTests */ = {
			isa = PBXGroup;
			children = (
				7BBB1C4B25B74CC700AC9475 /* ARNavTests.swift */,
				7BBB1C4D25B74CC700AC9475 /* Info.plist */,
			);
			path = ARNavTests;
			sourceTree = "<group>";
		};
		7BBB1C5525B74CC700AC9475 /* ARNavUITests */ = {
			isa = PBXGroup;
			children = (
				7BBB1C5625B74CC700AC9475 /* ARNavUITests.swift */,
				7BBB1C5825B74CC700AC9475 /* Info.plist */,
			);
			path = ARNavUITests;
			sourceTree = "<group>";
		};
/* End PBXGroup section */

/* Begin PBXNativeTarget section */
		7BBB1C3025B74CC400AC9475 /* ARNav */ = {
			isa = PBXNativeTarget;
			buildConfigurationList = 7BBB1C5B25B74CC700AC9475 /* Build configuration list for PBXNativeTarget "ARNav" */;
			buildPhases = (
				7BBB1C2D25B74CC400AC9475 /* Sources */,
				7BBB1C2E25B74CC400AC9475 /* Frameworks */,
				7BBB1C2F25B74CC400AC9475 /* Resources */,
			);
			buildRules = (
			);
			dependencies = (
			);
			name = ARNav;
			productName = ARNav;
			productReference = 7BBB1C3125B74CC500AC9475 /* ARNav.app */;
			productType = "com.apple.product-type.application";
		};
		7BBB1C4625B74CC700AC9475 /* ARNavTests */ = {
			isa = PBXNativeTarget;
			buildConfigurationList = 7BBB1C5E25B74CC700AC9475 /* Build configuration list for PBXNativeTarget "ARNavTests" */;
			buildPhases = (
				7BBB1C4325B74CC700AC9475 /* Sources */,
				7BBB1C4425B74CC700AC9475 /* Frameworks */,
				7BBB1C4525B74CC700AC9475 /* Resources */,
			);
			buildRules = (
			);
			dependencies = (
				7BBB1C4925B74CC700AC9475 /* PBXTargetDependency */,
			);
			name = ARNavTests;
			productName = ARNavTests;
			productReference = 7BBB1C4725B74CC700AC9475 /* ARNavTests.xctest */;
			productType = "com.apple.product-type.bundle.unit-test";
		};
		7BBB1C5125B74CC700AC9475 /* ARNavUITests */ = {
			isa = PBXNativeTarget;
			buildConfigurationList = 7BBB1C6125B74CC700AC9475 /* Build configuration list for PBXNativeTarget "ARNavUITests" */;
			buildPhases = (
				7BBB1C4E25B74CC700AC9475 /* Sources */,
				7BBB1C4F25B74CC700AC9475 /* Frameworks */,
				7BBB1C5025B74CC700AC9475 /* Resources */,
			);
			buildRules = (
			);
			dependencies = (
				7BBB1C5425B74CC700AC9475 /* PBXTargetDependency */,
			);
			name = ARNavUITests;
			productName = ARNavUITests;
			productReference = 7BBB1C5225B74CC700AC9475 /* ARNavUITests.xctest */;
			productType = "com.apple.product-type.bundle.ui-testing";
		};
/* End PBXNativeTarget section */

/* Begin PBXProject section */
		7BBB1C2925B74CC400AC9475 /* Project object */ = {
			isa = PBXProject;
			attributes = {
				LastSwiftUpdateCheck = 1230;
				LastUpgradeCheck = 1230;
				TargetAttributes = {
					7BBB1C3025B74CC400AC9475 = {
						CreatedOnToolsVersion = 12.3;
					};
					7BBB1C4625B74CC700AC9475 = {
						CreatedOnToolsVersion = 12.3;
						TestTargetID = 7BBB1C3025B74CC400AC9475;
					};
					7BBB1C5125B74CC700AC9475 = {
						CreatedOnToolsVersion = 12.3;
						TestTargetID = 7BBB1C3025B74CC400AC9475;
					};
				};
			};
			buildConfigurationList = 7BBB1C2C25B74CC400AC9475 /* Build configuration list for PBXProject "ARNav" */;
			compatibilityVersion = "Xcode 9.3";
			developmentRegion = en;
			hasScannedForEncodings = 0;
			knownRegions = (
				en,
				Base,
			);
			mainGroup = 7BBB1C2825B74CC400AC9475;
			productRefGroup = 7BBB1C3225B74CC500AC9475 /* Products */;
			projectDirPath = "";
			projectRoot = "";
			targets = (
				7BBB1C3025B74CC400AC9475 /* ARNav */,
				7BBB1C4625B74CC700AC9475 /* ARNavTests */,
				7BBB1C5125B74CC700AC9475 /* ARNavUITests */,
			);
		};
/* End PBXProject section */

/* Begin PBXResourcesBuildPhase section */
		7BBB1C2F25B74CC400AC9475 /* Resources */ = {
			isa = PBXResourcesBuildPhase;
			buildActionMask = 2147483647;
			files = (
				7BBB1C4125B74CC700AC9475 /* LaunchScreen.storyboard in Resources */,
				7BBB1C3E25B74CC700AC9475 /* Assets.xcassets in Resources */,
				7BBB1C3C25B74CC500AC9475 /* Main.storyboard in Resources */,
			);
			runOnlyForDeploymentPostprocessing = 0;
		};
		7BBB1C4525B74CC700AC9475 /* Resources */ = {
			isa = PBXResourcesBuildPhase;
			buildActionMask = 2147483647;
			files = (
			);
			runOnlyForDeploymentPostprocessing = 0;
		};
		7BBB1C5025B74CC700AC9475 /* Resources */ = {
			isa = PBXResourcesBuildPhase;
			buildActionMask = 2147483647;
			files = (
			);
			runOnlyForDeploymentPostprocessing = 0;
		};
/* End PBXResourcesBuildPhase section */

/* Begin PBXSourcesBuildPhase section */
		7BBB1C2D25B74CC400AC9475 /* Sources */ = {
			isa = PBXSourcesBuildPhase;
			buildActionMask = 2147483647;
			files = (
				7BBB1C3925B74CC500AC9475 /* ViewController.swift in Sources */,
				7BBB1C3525B74CC500AC9475 /* AppDelegate.swift in Sources */,
				7BBB1C3725B74CC500AC9475 /* SceneDelegate.swift in Sources */,
			);
			runOnlyForDeploymentPostprocessing = 0;
		};
		7BBB1C4325B74CC700AC9475 /* Sources */ = {
			isa = PBXSourcesBuildPhase;
			buildActionMask = 2147483647;
			files = (
				7BBB1C4C25B74CC700AC9475 /* ARNavTests.swift in Sources */,
			);
			runOnlyForDeploymentPostprocessing = 0;
		};
		7BBB1C4E25B74CC700AC9475 /* Sources */ = {
			isa = PBXSourcesBuildPhase;
			buildActionMask = 2147483647;
			files = (
				7BBB1C5725B74CC700AC9475 /* ARNavUITests.swift in Sources */,
			);
			runOnlyForDeploymentPostprocessing = 0;
		};
/* End PBXSourcesBuildPhase section */

/* Begin PBXTargetDependency section */
		7BBB1C4925B74CC700AC9475 /* PBXTargetDependency */ = {
			isa = PBXTargetDependency;
			target = 7BBB1C3025B74CC400AC9475 /* ARNav */;
			targetProxy = 7BBB1C4825B74CC700AC9475 /* PBXContainerItemProxy */;
		};
		7BBB1C5425B74CC700AC9475 /* PBXTargetDependency */ = {
			isa = PBXTargetDependency;
			target = 7BBB1C3025B74CC400AC9475 /* ARNav */;
			targetProxy = 7BBB1C5325B74CC700AC9475 /* PBXContainerItemProxy */;
		};
/* End PBXTargetDependency section */

/* Begin PBXVariantGroup section */
		7BBB1C3A25B74CC500AC9475 /* Main.storyboard */ = {
			isa = PBXVariantGroup;
			children = (
				7BBB1C3B25B74CC500AC9475 /* Base */,
			);
			name = Main.storyboard;
			sourceTree = "<group>";
		};
		7BBB1C3F25B74CC700AC9475 /* LaunchScreen.storyboard */ = {
			isa = PBXVariantGroup;
			children = (
				7BBB1C4025B74CC700AC9475 /* Base */,
			);
			name = LaunchScreen.storyboard;
			sourceTree = "<group>";
		};
/* End PBXVariantGroup section */

/* Begin XCBuildConfiguration section */
		7BBB1C5925B74CC700AC9475 /* Debug */ = {
			isa = XCBuildConfiguration;
			buildSettings = {
				ALWAYS_SEARCH_USER_PATHS = NO;
				CLANG_ANALYZER_NONNULL = YES;
				CLANG_ANALYZER_NUMBER_OBJECT_CONVERSION = YES_AGGRESSIVE;
				CLANG_CXX_LANGUAGE_STANDARD = "gnu++14";
				CLANG_CXX_LIBRARY = "libc++";
				CLANG_ENABLE_MODULES = YES;
				CLANG_ENABLE_OBJC_ARC = YES;
				CLANG_ENABLE_OBJC_WEAK = YES;
				CLANG_WARN_BLOCK_CAPTURE_AUTORELEASING = YES;
				CLANG_WARN_BOOL_CONVERSION = YES;
				CLANG_WARN_COMMA = YES;
				CLANG_WARN_CONSTANT_CONVERSION = YES;
				CLANG_WARN_DEPRECATED_OBJC_IMPLEMENTATIONS = YES;
				CLANG_WARN_DIRECT_OBJC_ISA_USAGE = YES_ERROR;
				CLANG_WARN_DOCUMENTATION_COMMENTS = YES;
				CLANG_WARN_EMPTY_BODY = YES;
				CLANG_WARN_ENUM_CONVERSION = YES;
				CLANG_WARN_INFINITE_RECURSION = YES;
				CLANG_WARN_INT_CONVERSION = YES;
				CLANG_WARN_NON_LITERAL_NULL_CONVERSION = YES;
				CLANG_WARN_OBJC_IMPLICIT_RETAIN_SELF = YES;
				CLANG_WARN_OBJC_LITERAL_CONVERSION = YES;
				CLANG_WARN_OBJC_ROOT_CLASS = YES_ERROR;
				CLANG_WARN_QUOTED_INCLUDE_IN_FRAMEWORK_HEADER = YES;
				CLANG_WARN_RANGE_LOOP_ANALYSIS = YES;
				CLANG_WARN_STRICT_PROTOTYPES = YES;
				CLANG_WARN_SUSPICIOUS_MOVE = YES;
				CLANG_WARN_UNGUARDED_AVAILABILITY = YES_AGGRESSIVE;
				CLANG_WARN_UNREACHABLE_CODE = YES;
				CLANG_WARN__DUPLICATE_METHOD_MATCH = YES;
				COPY_PHASE_STRIP = NO;
				DEBUG_INFORMATION_FORMAT = dwarf;
				ENABLE_STRICT_OBJC_MSGSEND = YES;
				ENABLE_TESTABILITY = YES;
				GCC_C_LANGUAGE_STANDARD = gnu11;
				GCC_DYNAMIC_NO_PIC = NO;
				GCC_NO_COMMON_BLOCKS = YES;
				GCC_OPTIMIZATION_LEVEL = 0;
				GCC_PREPROCESSOR_DEFINITIONS = (
					"DEBUG=1",
					"$(inherited)",
				);
				GCC_WARN_64_TO_32_BIT_CONVERSION = YES;
				GCC_WARN_ABOUT_RETURN_TYPE = YES_ERROR;
				GCC_WARN_UNDECLARED_SELECTOR = YES;
				GCC_WARN_UNINITIALIZED_AUTOS = YES_AGGRESSIVE;
				GCC_WARN_UNUSED_FUNCTION = YES;
				GCC_WARN_UNUSED_VARIABLE = YES;
				IPHONEOS_DEPLOYMENT_TARGET = 14.3;
				MTL_ENABLE_DEBUG_INFO = INCLUDE_SOURCE;
				MTL_FAST_MATH = YES;
				ONLY_ACTIVE_ARCH = YES;
				SDKROOT = iphoneos;
				SWIFT_ACTIVE_COMPILATION_CONDITIONS = DEBUG;
				SWIFT_OPTIMIZATION_LEVEL = "-Onone";
			};
			name = Debug;
		};
		7BBB1C5A25B74CC700AC9475 /* Release */ = {
			isa = XCBuildConfiguration;
			buildSettings = {
				ALWAYS_SEARCH_USER_PATHS = NO;
				CLANG_ANALYZER_NONNULL = YES;
				CLANG_ANALYZER_NUMBER_OBJECT_CONVERSION = YES_AGGRESSIVE;
				CLANG_CXX_LANGUAGE_STANDARD = "gnu++14";
				CLANG_CXX_LIBRARY = "libc++";
				CLANG_ENABLE_MODULES = YES;
				CLANG_ENABLE_OBJC_ARC = YES;
				CLANG_ENABLE_OBJC_WEAK = YES;
				CLANG_WARN_BLOCK_CAPTURE_AUTORELEASING = YES;
				CLANG_WARN_BOOL_CONVERSION = YES;
				CLANG_WARN_COMMA = YES;
				CLANG_WARN_CONSTANT_CONVERSION = YES;
				CLANG_WARN_DEPRECATED_OBJC_IMPLEMENTATIONS = YES;
				CLANG_WARN_DIRECT_OBJC_ISA_USAGE = YES_ERROR;
				CLANG_WARN_DOCUMENTATION_COMMENTS = YES;
				CLANG_WARN_EMPTY_BODY = YES;
				CLANG_WARN_ENUM_CONVERSION = YES;
				CLANG_WARN_INFINITE_RECURSION = YES;
				CLANG_WARN_INT_CONVERSION = YES;
				CLANG_WARN_NON_LITERAL_NULL_CONVERSION = YES;
				CLANG_WARN_OBJC_IMPLICIT_RETAIN_SELF = YES;
				CLANG_WARN_OBJC_LITERAL_CONVERSION = YES;
				CLANG_WARN_OBJC_ROOT_CLASS = YES_ERROR;
				CLANG_WARN_QUOTED_INCLUDE_IN_FRAMEWORK_HEADER = YES;
				CLANG_WARN_RANGE_LOOP_ANALYSIS = YES;
				CLANG_WARN_STRICT_PROTOTYPES = YES;
				CLANG_WARN_SUSPICIOUS_MOVE = YES;
				CLANG_WARN_UNGUARDED_AVAILABILITY = YES_AGGRESSIVE;
				CLANG_WARN_UNREACHABLE_CODE = YES;
				CLANG_WARN__DUPLICATE_METHOD_MATCH = YES;
				COPY_PHASE_STRIP = NO;
				DEBUG_INFORMATION_FORMAT = "dwarf-with-dsym";
				ENABLE_NS_ASSERTIONS = NO;
				ENABLE_STRICT_OBJC_MSGSEND = YES;
				GCC_C_LANGUAGE_STANDARD = gnu11;
				GCC_NO_COMMON_BLOCKS = YES;
				GCC_WARN_64_TO_32_BIT_CONVERSION = YES;
				GCC_WARN_ABOUT_RETURN_TYPE = YES_ERROR;
				GCC_WARN_UNDECLARED_SELECTOR = YES;
				GCC_WARN_UNINITIALIZED_AUTOS = YES_AGGRESSIVE;
				GCC_WARN_UNUSED_FUNCTION = YES;
				GCC_WARN_UNUSED_VARIABLE = YES;
				IPHONEOS_DEPLOYMENT_TARGET = 14.3;
				MTL_ENABLE_DEBUG_INFO = NO;
				MTL_FAST_MATH = YES;
				SDKROOT = iphoneos;
				SWIFT_COMPILATION_MODE = wholemodule;
				SWIFT_OPTIMIZATION_LEVEL = "-O";
				VALIDATE_PRODUCT = YES;
			};
			name = Release;
		};
		7BBB1C5C25B74CC700AC9475 /* Debug */ = {
			isa = XCBuildConfiguration;
			buildSettings = {
				ASSETCATALOG_COMPILER_APPICON_NAME = AppIcon;
				ASSETCATALOG_COMPILER_GLOBAL_ACCENT_COLOR_NAME = AccentColor;
				CODE_SIGN_STYLE = Automatic;
				DEVELOPMENT_TEAM = 25YWN8J5K2;
				INFOPLIST_FILE = ARNav/Info.plist;
				LD_RUNPATH_SEARCH_PATHS = (
					"$(inherited)",
					"@executable_path/Frameworks",
				);
				PRODUCT_BUNDLE_IDENTIFIER = com.limpovit.ARNav;
				PRODUCT_NAME = "$(TARGET_NAME)";
				SWIFT_VERSION = 5.0;
				TARGETED_DEVICE_FAMILY = "1,2";
			};
			name = Debug;
		};
		7BBB1C5D25B74CC700AC9475 /* Release */ = {
			isa = XCBuildConfiguration;
			buildSettings = {
				ASSETCATALOG_COMPILER_APPICON_NAME = AppIcon;
				ASSETCATALOG_COMPILER_GLOBAL_ACCENT_COLOR_NAME = AccentColor;
				CODE_SIGN_STYLE = Automatic;
				DEVELOPMENT_TEAM = 25YWN8J5K2;
				INFOPLIST_FILE = ARNav/Info.plist;
				LD_RUNPATH_SEARCH_PATHS = (
					"$(inherited)",
					"@executable_path/Frameworks",
				);
				PRODUCT_BUNDLE_IDENTIFIER = com.limpovit.ARNav;
				PRODUCT_NAME = "$(TARGET_NAME)";
				SWIFT_VERSION = 5.0;
				TARGETED_DEVICE_FAMILY = "1,2";
			};
			name = Release;
		};
		7BBB1C5F25B74CC700AC9475 /* Debug */ = {
			isa = XCBuildConfiguration;
			buildSettings = {
				ALWAYS_EMBED_SWIFT_STANDARD_LIBRARIES = YES;
				BUNDLE_LOADER = "$(TEST_HOST)";
				CODE_SIGN_STYLE = Automatic;
				DEVELOPMENT_TEAM = 25YWN8J5K2;
				INFOPLIST_FILE = ARNavTests/Info.plist;
				IPHONEOS_DEPLOYMENT_TARGET = 14.3;
				LD_RUNPATH_SEARCH_PATHS = (
					"$(inherited)",
					"@executable_path/Frameworks",
					"@loader_path/Frameworks",
				);
				PRODUCT_BUNDLE_IDENTIFIER = com.limpovit.ARNavTests;
				PRODUCT_NAME = "$(TARGET_NAME)";
				SWIFT_VERSION = 5.0;
				TARGETED_DEVICE_FAMILY = "1,2";
				TEST_HOST = "$(BUILT_PRODUCTS_DIR)/ARNav.app/ARNav";
			};
			name = Debug;
		};
		7BBB1C6025B74CC700AC9475 /* Release */ = {
			isa = XCBuildConfiguration;
			buildSettings = {
				ALWAYS_EMBED_SWIFT_STANDARD_LIBRARIES = YES;
				BUNDLE_LOADER = "$(TEST_HOST)";
				CODE_SIGN_STYLE = Automatic;
				DEVELOPMENT_TEAM = 25YWN8J5K2;
				INFOPLIST_FILE = ARNavTests/Info.plist;
				IPHONEOS_DEPLOYMENT_TARGET = 14.3;
				LD_RUNPATH_SEARCH_PATHS = (
					"$(inherited)",
					"@executable_path/Frameworks",
					"@loader_path/Frameworks",
				);
				PRODUCT_BUNDLE_IDENTIFIER = com.limpovit.ARNavTests;
				PRODUCT_NAME = "$(TARGET_NAME)";
				SWIFT_VERSION = 5.0;
				TARGETED_DEVICE_FAMILY = "1,2";
				TEST_HOST = "$(BUILT_PRODUCTS_DIR)/ARNav.app/ARNav";
			};
			name = Release;
		};
		7BBB1C6225B74CC700AC9475 /* Debug */ = {
			isa = XCBuildConfiguration;
			buildSettings = {
				ALWAYS_EMBED_SWIFT_STANDARD_LIBRARIES = YES;
				CODE_SIGN_STYLE = Automatic;
				DEVELOPMENT_TEAM = 25YWN8J5K2;
				INFOPLIST_FILE = ARNavUITests/Info.plist;
				LD_RUNPATH_SEARCH_PATHS = (
					"$(inherited)",
					"@executable_path/Frameworks",
					"@loader_path/Frameworks",
				);
				PRODUCT_BUNDLE_IDENTIFIER = com.limpovit.ARNavUITests;
				PRODUCT_NAME = "$(TARGET_NAME)";
				SWIFT_VERSION = 5.0;
				TARGETED_DEVICE_FAMILY = "1,2";
				TEST_TARGET_NAME = ARNav;
			};
			name = Debug;
		};
		7BBB1C6325B74CC700AC9475 /* Release */ = {
			isa = XCBuildConfiguration;
			buildSettings = {
				ALWAYS_EMBED_SWIFT_STANDARD_LIBRARIES = YES;
				CODE_SIGN_STYLE = Automatic;
				DEVELOPMENT_TEAM = 25YWN8J5K2;
				INFOPLIST_FILE = ARNavUITests/Info.plist;
				LD_RUNPATH_SEARCH_PATHS = (
					"$(inherited)",
					"@executable_path/Frameworks",
					"@loader_path/Frameworks",
				);
				PRODUCT_BUNDLE_IDENTIFIER = com.limpovit.ARNavUITests;
				PRODUCT_NAME = "$(TARGET_NAME)";
				SWIFT_VERSION = 5.0;
				TARGETED_DEVICE_FAMILY = "1,2";
				TEST_TARGET_NAME = ARNav;
			};
			name = Release;
		};
/* End XCBuildConfiguration section */

/* Begin XCConfigurationList section */
		7BBB1C2C25B74CC400AC9475 /* Build configuration list for PBXProject "ARNav" */ = {
			isa = XCConfigurationList;
			buildConfigurations = (
				7BBB1C5925B74CC700AC9475 /* Debug */,
				7BBB1C5A25B74CC700AC9475 /* Release */,
			);
			defaultConfigurationIsVisible = 0;
			defaultConfigurationName = Release;
		};
		7BBB1C5B25B74CC700AC9475 /* Build configuration list for PBXNativeTarget "ARNav" */ = {
			isa = XCConfigurationList;
			buildConfigurations = (
				7BBB1C5C25B74CC700AC9475 /* Debug */,
				7BBB1C5D25B74CC700AC9475 /* Release */,
			);
			defaultConfigurationIsVisible = 0;
			defaultConfigurationName = Release;
		};
		7BBB1C5E25B74CC700AC9475 /* Build configuration list for PBXNativeTarget "ARNavTests" */ = {
			isa = XCConfigurationList;
			buildConfigurations = (
				7BBB1C5F25B74CC700AC9475 /* Debug */,
				7BBB1C6025B74CC700AC9475 /* Release */,
			);
			defaultConfigurationIsVisible = 0;
			defaultConfigurationName = Release;
		};
		7BBB1C6125B74CC700AC9475 /* Build configuration list for PBXNativeTarget "ARNavUITests" */ = {
			isa = XCConfigurationList;
			buildConfigurations = (
				7BBB1C6225B74CC700AC9475 /* Debug */,
				7BBB1C6325B74CC700AC9475 /* Release */,
			);
			defaultConfigurationIsVisible = 0;
			defaultConfigurationName = Release;
		};
/* End XCConfigurationList section */
	};
	rootObject = 7BBB1C2925B74CC400AC9475 /* Project object */;
}
